// !$*UTF8*$!
{
	archiveVersion = 1;
	classes = {
	};
	objectVersion = 50;
	objects = {

/* Begin PBXBuildFile section */
		AAECB26820ED190C00DF754F /* AppDelegate.swift in Sources */ = {isa = PBXBuildFile; fileRef = AAECB26720ED190C00DF754F /* AppDelegate.swift */; };
		AAECB26A20ED190C00DF754F /* ViewController.swift in Sources */ = {isa = PBXBuildFile; fileRef = AAECB26920ED190C00DF754F /* ViewController.swift */; };
		AAECB26D20ED190C00DF754F /* Main.storyboard in Resources */ = {isa = PBXBuildFile; fileRef = AAECB26B20ED190C00DF754F /* Main.storyboard */; };
		AAECB27020ED190C00DF754F /* InfyAssignment.xcdatamodeld in Sources */ = {isa = PBXBuildFile; fileRef = AAECB26E20ED190C00DF754F /* InfyAssignment.xcdatamodeld */; };
		AAECB27220ED191600DF754F /* Assets.xcassets in Resources */ = {isa = PBXBuildFile; fileRef = AAECB27120ED191600DF754F /* Assets.xcassets */; };
		AAECB27520ED191600DF754F /* LaunchScreen.storyboard in Resources */ = {isa = PBXBuildFile; fileRef = AAECB27320ED191600DF754F /* LaunchScreen.storyboard */; };
		AAECB28020ED191600DF754F /* InfyAssignmentTests.swift in Sources */ = {isa = PBXBuildFile; fileRef = AAECB27F20ED191600DF754F /* InfyAssignmentTests.swift */; };
		AAECB28B20ED191600DF754F /* InfyAssignmentUITests.swift in Sources */ = {isa = PBXBuildFile; fileRef = AAECB28A20ED191600DF754F /* InfyAssignmentUITests.swift */; };
/* End PBXBuildFile section */

/* Begin PBXContainerItemProxy section */
		AAECB27C20ED191600DF754F /* PBXContainerItemProxy */ = {
			isa = PBXContainerItemProxy;
			containerPortal = AAECB25C20ED190C00DF754F /* Project object */;
			proxyType = 1;
			remoteGlobalIDString = AAECB26320ED190C00DF754F;
			remoteInfo = InfyAssignment;
		};
		AAECB28720ED191600DF754F /* PBXContainerItemProxy */ = {
			isa = PBXContainerItemProxy;
			containerPortal = AAECB25C20ED190C00DF754F /* Project object */;
			proxyType = 1;
			remoteGlobalIDString = AAECB26320ED190C00DF754F;
			remoteInfo = InfyAssignment;
		};
/* End PBXContainerItemProxy section */

/* Begin PBXFileReference section */
		AAECB26420ED190C00DF754F /* InfyAssignment.app */ = {isa = PBXFileReference; explicitFileType = wrapper.application; includeInIndex = 0; path = InfyAssignment.app; sourceTree = BUILT_PRODUCTS_DIR; };
		AAECB26720ED190C00DF754F /* AppDelegate.swift */ = {isa = PBXFileReference; lastKnownFileType = sourcecode.swift; path = AppDelegate.swift; sourceTree = "<group>"; };
		AAECB26920ED190C00DF754F /* ViewController.swift */ = {isa = PBXFileReference; lastKnownFileType = sourcecode.swift; path = ViewController.swift; sourceTree = "<group>"; };
		AAECB26C20ED190C00DF754F /* Base */ = {isa = PBXFileReference; lastKnownFileType = file.storyboard; name = Base; path = Base.lproj/Main.storyboard; sourceTree = "<group>"; };
		AAECB26F20ED190C00DF754F /* InfyAssignment.xcdatamodel */ = {isa = PBXFileReference; lastKnownFileType = wrapper.xcdatamodel; path = InfyAssignment.xcdatamodel; sourceTree = "<group>"; };
		AAECB27120ED191600DF754F /* Assets.xcassets */ = {isa = PBXFileReference; lastKnownFileType = folder.assetcatalog; path = Assets.xcassets; sourceTree = "<group>"; };
		AAECB27420ED191600DF754F /* Base */ = {isa = PBXFileReference; lastKnownFileType = file.storyboard; name = Base; path = Base.lproj/LaunchScreen.storyboard; sourceTree = "<group>"; };
		AAECB27620ED191600DF754F /* Info.plist */ = {isa = PBXFileReference; lastKnownFileType = text.plist.xml; path = Info.plist; sourceTree = "<group>"; };
		AAECB27B20ED191600DF754F /* InfyAssignmentTests.xctest */ = {isa = PBXFileReference; explicitFileType = wrapper.cfbundle; includeInIndex = 0; path = InfyAssignmentTests.xctest; sourceTree = BUILT_PRODUCTS_DIR; };
		AAECB27F20ED191600DF754F /* InfyAssignmentTests.swift */ = {isa = PBXFileReference; lastKnownFileType = sourcecode.swift; path = InfyAssignmentTests.swift; sourceTree = "<group>"; };
		AAECB28120ED191600DF754F /* Info.plist */ = {isa = PBXFileReference; lastKnownFileType = text.plist.xml; path = Info.plist; sourceTree = "<group>"; };
		AAECB28620ED191600DF754F /* InfyAssignmentUITests.xctest */ = {isa = PBXFileReference; explicitFileType = wrapper.cfbundle; includeInIndex = 0; path = InfyAssignmentUITests.xctest; sourceTree = BUILT_PRODUCTS_DIR; };
		AAECB28A20ED191600DF754F /* InfyAssignmentUITests.swift */ = {isa = PBXFileReference; lastKnownFileType = sourcecode.swift; path = InfyAssignmentUITests.swift; sourceTree = "<group>"; };
		AAECB28C20ED191600DF754F /* Info.plist */ = {isa = PBXFileReference; lastKnownFileType = text.plist.xml; path = Info.plist; sourceTree = "<group>"; };
/* End PBXFileReference section */

/* Begin PBXFrameworksBuildPhase section */
		AAECB26120ED190C00DF754F /* Frameworks */ = {
			isa = PBXFrameworksBuildPhase;
			buildActionMask = 2147483647;
			files = (
			);
			runOnlyForDeploymentPostprocessing = 0;
		};
		AAECB27820ED191600DF754F /* Frameworks */ = {
			isa = PBXFrameworksBuildPhase;
			buildActionMask = 2147483647;
			files = (
			);
			runOnlyForDeploymentPostprocessing = 0;
		};
		AAECB28320ED191600DF754F /* Frameworks */ = {
			isa = PBXFrameworksBuildPhase;
			buildActionMask = 2147483647;
			files = (
			);
			runOnlyForDeploymentPostprocessing = 0;
		};
/* End PBXFrameworksBuildPhase section */

/* Begin PBXGroup section */
		AAECB25B20ED190C00DF754F = {
			isa = PBXGroup;
			children = (
				AAECB26620ED190C00DF754F /* InfyAssignment */,
				AAECB27E20ED191600DF754F /* InfyAssignmentTests */,
				AAECB28920ED191600DF754F /* InfyAssignmentUITests */,
				AAECB26520ED190C00DF754F /* Products */,
			);
			sourceTree = "<group>";
		};
		AAECB26520ED190C00DF754F /* Products */ = {
			isa = PBXGroup;
			children = (
				AAECB26420ED190C00DF754F /* InfyAssignment.app */,
				AAECB27B20ED191600DF754F /* InfyAssignmentTests.xctest */,
				AAECB28620ED191600DF754F /* InfyAssignmentUITests.xctest */,
			);
			name = Products;
			sourceTree = "<group>";
		};
		AAECB26620ED190C00DF754F /* InfyAssignment */ = {
			isa = PBXGroup;
			children = (
				AAECB26720ED190C00DF754F /* AppDelegate.swift */,
				AAECB26920ED190C00DF754F /* ViewController.swift */,
				AAECB26B20ED190C00DF754F /* Main.storyboard */,
				AAECB27120ED191600DF754F /* Assets.xcassets */,
				AAECB27320ED191600DF754F /* LaunchScreen.storyboard */,
				AAECB27620ED191600DF754F /* Info.plist */,
				AAECB26E20ED190C00DF754F /* InfyAssignment.xcdatamodeld */,
			);
			path = InfyAssignment;
			sourceTree = "<group>";
		};
		AAECB27E20ED191600DF754F /* InfyAssignmentTests */ = {
			isa = PBXGroup;
			children = (
				AAECB27F20ED191600DF754F /* InfyAssignmentTests.swift */,
				AAECB28120ED191600DF754F /* Info.plist */,
			);
			path = InfyAssignmentTests;
			sourceTree = "<group>";
		};
		AAECB28920ED191600DF754F /* InfyAssignmentUITests */ = {
			isa = PBXGroup;
			children = (
				AAECB28A20ED191600DF754F /* InfyAssignmentUITests.swift */,
				AAECB28C20ED191600DF754F /* Info.plist */,
			);
			path = InfyAssignmentUITests;
			sourceTree = "<group>";
		};
/* End PBXGroup section */

/* Begin PBXNativeTarget section */
		AAECB26320ED190C00DF754F /* InfyAssignment */ = {
			isa = PBXNativeTarget;
			buildConfigurationList = AAECB28F20ED191600DF754F /* Build configuration list for PBXNativeTarget "InfyAssignment" */;
			buildPhases = (
				AAECB26020ED190C00DF754F /* Sources */,
				AAECB26120ED190C00DF754F /* Frameworks */,
				AAECB26220ED190C00DF754F /* Resources */,
			);
			buildRules = (
			);
			dependencies = (
			);
			name = InfyAssignment;
			productName = InfyAssignment;
			productReference = AAECB26420ED190C00DF754F /* InfyAssignment.app */;
			productType = "com.apple.product-type.application";
		};
		AAECB27A20ED191600DF754F /* InfyAssignmentTests */ = {
			isa = PBXNativeTarget;
			buildConfigurationList = AAECB29220ED191600DF754F /* Build configuration list for PBXNativeTarget "InfyAssignmentTests" */;
			buildPhases = (
				AAECB27720ED191600DF754F /* Sources */,
				AAECB27820ED191600DF754F /* Frameworks */,
				AAECB27920ED191600DF754F /* Resources */,
			);
			buildRules = (
			);
			dependencies = (
				AAECB27D20ED191600DF754F /* PBXTargetDependency */,
			);
			name = InfyAssignmentTests;
			productName = InfyAssignmentTests;
			productReference = AAECB27B20ED191600DF754F /* InfyAssignmentTests.xctest */;
			productType = "com.apple.product-type.bundle.unit-test";
		};
		AAECB28520ED191600DF754F /* InfyAssignmentUITests */ = {
			isa = PBXNativeTarget;
			buildConfigurationList = AAECB29520ED191600DF754F /* Build configuration list for PBXNativeTarget "InfyAssignmentUITests" */;
			buildPhases = (
				AAECB28220ED191600DF754F /* Sources */,
				AAECB28320ED191600DF754F /* Frameworks */,
				AAECB28420ED191600DF754F /* Resources */,
			);
			buildRules = (
			);
			dependencies = (
				AAECB28820ED191600DF754F /* PBXTargetDependency */,
			);
			name = InfyAssignmentUITests;
			productName = InfyAssignmentUITests;
			productReference = AAECB28620ED191600DF754F /* InfyAssignmentUITests.xctest */;
			productType = "com.apple.product-type.bundle.ui-testing";
		};
/* End PBXNativeTarget section */

/* Begin PBXProject section */
		AAECB25C20ED190C00DF754F /* Project object */ = {
			isa = PBXProject;
			attributes = {
				LastSwiftUpdateCheck = 0930;
				LastUpgradeCheck = 0930;
				ORGANIZATIONNAME = "Rohit Kumar";
				TargetAttributes = {
					AAECB26320ED190C00DF754F = {
						CreatedOnToolsVersion = 9.3;
					};
					AAECB27A20ED191600DF754F = {
						CreatedOnToolsVersion = 9.3;
						TestTargetID = AAECB26320ED190C00DF754F;
					};
					AAECB28520ED191600DF754F = {
						CreatedOnToolsVersion = 9.3;
						TestTargetID = AAECB26320ED190C00DF754F;
					};
				};
			};
			buildConfigurationList = AAECB25F20ED190C00DF754F /* Build configuration list for PBXProject "InfyAssignment" */;
			compatibilityVersion = "Xcode 9.3";
			developmentRegion = en;
			hasScannedForEncodings = 0;
			knownRegions = (
				en,
				Base,
			);
			mainGroup = AAECB25B20ED190C00DF754F;
			productRefGroup = AAECB26520ED190C00DF754F /* Products */;
			projectDirPath = "";
			projectRoot = "";
			targets = (
				AAECB26320ED190C00DF754F /* InfyAssignment */,
				AAECB27A20ED191600DF754F /* InfyAssignmentTests */,
				AAECB28520ED191600DF754F /* InfyAssignmentUITests */,
			);
		};
/* End PBXProject section */

/* Begin PBXResourcesBuildPhase section */
		AAECB26220ED190C00DF754F /* Resources */ = {
			isa = PBXResourcesBuildPhase;
			buildActionMask = 2147483647;
			files = (
				AAECB27520ED191600DF754F /* LaunchScreen.storyboard in Resources */,
				AAECB27220ED191600DF754F /* Assets.xcassets in Resources */,
				AAECB26D20ED190C00DF754F /* Main.storyboard in Resources */,
			);
			runOnlyForDeploymentPostprocessing = 0;
		};
		AAECB27920ED191600DF754F /* Resources */ = {
			isa = PBXResourcesBuildPhase;
			buildActionMask = 2147483647;
			files = (
			);
			runOnlyForDeploymentPostprocessing = 0;
		};
		AAECB28420ED191600DF754F /* Resources */ = {
			isa = PBXResourcesBuildPhase;
			buildActionMask = 2147483647;
			files = (
			);
			runOnlyForDeploymentPostprocessing = 0;
		};
/* End PBXResourcesBuildPhase section */

/* Begin PBXSourcesBuildPhase section */
		AAECB26020ED190C00DF754F /* Sources */ = {
			isa = PBXSourcesBuildPhase;
			buildActionMask = 2147483647;
			files = (
				AAECB27020ED190C00DF754F /* InfyAssignment.xcdatamodeld in Sources */,
				AAECB26A20ED190C00DF754F /* ViewController.swift in Sources */,
				AAECB26820ED190C00DF754F /* AppDelegate.swift in Sources */,
			);
			runOnlyForDeploymentPostprocessing = 0;
		};
		AAECB27720ED191600DF754F /* Sources */ = {
			isa = PBXSourcesBuildPhase;
			buildActionMask = 2147483647;
			files = (
				AAECB28020ED191600DF754F /* InfyAssignmentTests.swift in Sources */,
			);
			runOnlyForDeploymentPostprocessing = 0;
		};
		AAECB28220ED191600DF754F /* Sources */ = {
			isa = PBXSourcesBuildPhase;
			buildActionMask = 2147483647;
			files = (
				AAECB28B20ED191600DF754F /* InfyAssignmentUITests.swift in Sources */,
			);
			runOnlyForDeploymentPostprocessing = 0;
		};
/* End PBXSourcesBuildPhase section */

/* Begin PBXTargetDependency section */
		AAECB27D20ED191600DF754F /* PBXTargetDependency */ = {
			isa = PBXTargetDependency;
			target = AAECB26320ED190C00DF754F /* InfyAssignment */;
			targetProxy = AAECB27C20ED191600DF754F /* PBXContainerItemProxy */;
		};
		AAECB28820ED191600DF754F /* PBXTargetDependency */ = {
			isa = PBXTargetDependency;
			target = AAECB26320ED190C00DF754F /* InfyAssignment */;
			targetProxy = AAECB28720ED191600DF754F /* PBXContainerItemProxy */;
		};
/* End PBXTargetDependency section */

/* Begin PBXVariantGroup section */
		AAECB26B20ED190C00DF754F /* Main.storyboard */ = {
			isa = PBXVariantGroup;
			children = (
				AAECB26C20ED190C00DF754F /* Base */,
			);
			name = Main.storyboard;
			sourceTree = "<group>";
		};
		AAECB27320ED191600DF754F /* LaunchScreen.storyboard */ = {
			isa = PBXVariantGroup;
			children = (
				AAECB27420ED191600DF754F /* Base */,
			);
			name = LaunchScreen.storyboard;
			sourceTree = "<group>";
		};
/* End PBXVariantGroup section */

/* Begin XCBuildConfiguration section */
		AAECB28D20ED191600DF754F /* Debug */ = {
			isa = XCBuildConfiguration;
			buildSettings = {
				ALWAYS_SEARCH_USER_PATHS = NO;
				CLANG_ANALYZER_NONNULL = YES;
				CLANG_ANALYZER_NUMBER_OBJECT_CONVERSION = YES_AGGRESSIVE;
				CLANG_CXX_LANGUAGE_STANDARD = "gnu++14";
				CLANG_CXX_LIBRARY = "libc++";
				CLANG_ENABLE_MODULES = YES;
				CLANG_ENABLE_OBJC_ARC = YES;
				CLANG_ENABLE_OBJC_WEAK = YES;
				CLANG_WARN_BLOCK_CAPTURE_AUTORELEASING = YES;
				CLANG_WARN_BOOL_CONVERSION = YES;
				CLANG_WARN_COMMA = YES;
				CLANG_WARN_CONSTANT_CONVERSION = YES;
				CLANG_WARN_DEPRECATED_OBJC_IMPLEMENTATIONS = YES;
				CLANG_WARN_DIRECT_OBJC_ISA_USAGE = YES_ERROR;
				CLANG_WARN_DOCUMENTATION_COMMENTS = YES;
				CLANG_WARN_EMPTY_BODY = YES;
				CLANG_WARN_ENUM_CONVERSION = YES;
				CLANG_WARN_INFINITE_RECURSION = YES;
				CLANG_WARN_INT_CONVERSION = YES;
				CLANG_WARN_NON_LITERAL_NULL_CONVERSION = YES;
				CLANG_WARN_OBJC_IMPLICIT_RETAIN_SELF = YES;
				CLANG_WARN_OBJC_LITERAL_CONVERSION = YES;
				CLANG_WARN_OBJC_ROOT_CLASS = YES_ERROR;
				CLANG_WARN_RANGE_LOOP_ANALYSIS = YES;
				CLANG_WARN_STRICT_PROTOTYPES = YES;
				CLANG_WARN_SUSPICIOUS_MOVE = YES;
				CLANG_WARN_UNGUARDED_AVAILABILITY = YES_AGGRESSIVE;
				CLANG_WARN_UNREACHABLE_CODE = YES;
				CLANG_WARN__DUPLICATE_METHOD_MATCH = YES;
				CODE_SIGN_IDENTITY = "iPhone Developer";
				COPY_PHASE_STRIP = NO;
				DEBUG_INFORMATION_FORMAT = dwarf;
				ENABLE_STRICT_OBJC_MSGSEND = YES;
				ENABLE_TESTABILITY = YES;
				GCC_C_LANGUAGE_STANDARD = gnu11;
				GCC_DYNAMIC_NO_PIC = NO;
				GCC_NO_COMMON_BLOCKS = YES;
				GCC_OPTIMIZATION_LEVEL = 0;
				GCC_PREPROCESSOR_DEFINITIONS = (
					"DEBUG=1",
					"$(inherited)",
				);
				GCC_WARN_64_TO_32_BIT_CONVERSION = YES;
				GCC_WARN_ABOUT_RETURN_TYPE = YES_ERROR;
				GCC_WARN_UNDECLARED_SELECTOR = YES;
				GCC_WARN_UNINITIALIZED_AUTOS = YES_AGGRESSIVE;
				GCC_WARN_UNUSED_FUNCTION = YES;
				GCC_WARN_UNUSED_VARIABLE = YES;
				IPHONEOS_DEPLOYMENT_TARGET = 11.3;
				MTL_ENABLE_DEBUG_INFO = YES;
				ONLY_ACTIVE_ARCH = YES;
				SDKROOT = iphoneos;
				SWIFT_ACTIVE_COMPILATION_CONDITIONS = DEBUG;
				SWIFT_OPTIMIZATION_LEVEL = "-Onone";
			};
			name = Debug;
		};
		AAECB28E20ED191600DF754F /* Release */ = {
			isa = XCBuildConfiguration;
			buildSettings = {
				ALWAYS_SEARCH_USER_PATHS = NO;
				CLANG_ANALYZER_NONNULL = YES;
				CLANG_ANALYZER_NUMBER_OBJECT_CONVERSION = YES_AGGRESSIVE;
				CLANG_CXX_LANGUAGE_STANDARD = "gnu++14";
				CLANG_CXX_LIBRARY = "libc++";
				CLANG_ENABLE_MODULES = YES;
				CLANG_ENABLE_OBJC_ARC = YES;
				CLANG_ENABLE_OBJC_WEAK = YES;
				CLANG_WARN_BLOCK_CAPTURE_AUTORELEASING = YES;
				CLANG_WARN_BOOL_CONVERSION = YES;
				CLANG_WARN_COMMA = YES;
				CLANG_WARN_CONSTANT_CONVERSION = YES;
				CLANG_WARN_DEPRECATED_OBJC_IMPLEMENTATIONS = YES;
				CLANG_WARN_DIRECT_OBJC_ISA_USAGE = YES_ERROR;
				CLANG_WARN_DOCUMENTATION_COMMENTS = YES;
				CLANG_WARN_EMPTY_BODY = YES;
				CLANG_WARN_ENUM_CONVERSION = YES;
				CLANG_WARN_INFINITE_RECURSION = YES;
				CLANG_WARN_INT_CONVERSION = YES;
				CLANG_WARN_NON_LITERAL_NULL_CONVERSION = YES;
				CLANG_WARN_OBJC_IMPLICIT_RETAIN_SELF = YES;
				CLANG_WARN_OBJC_LITERAL_CONVERSION = YES;
				CLANG_WARN_OBJC_ROOT_CLASS = YES_ERROR;
				CLANG_WARN_RANGE_LOOP_ANALYSIS = YES;
				CLANG_WARN_STRICT_PROTOTYPES = YES;
				CLANG_WARN_SUSPICIOUS_MOVE = YES;
				CLANG_WARN_UNGUARDED_AVAILABILITY = YES_AGGRESSIVE;
				CLANG_WARN_UNREACHABLE_CODE = YES;
				CLANG_WARN__DUPLICATE_METHOD_MATCH = YES;
				CODE_SIGN_IDENTITY = "iPhone Developer";
				COPY_PHASE_STRIP = NO;
				DEBUG_INFORMATION_FORMAT = "dwarf-with-dsym";
				ENABLE_NS_ASSERTIONS = NO;
				ENABLE_STRICT_OBJC_MSGSEND = YES;
				GCC_C_LANGUAGE_STANDARD = gnu11;
				GCC_NO_COMMON_BLOCKS = YES;
				GCC_WARN_64_TO_32_BIT_CONVERSION = YES;
				GCC_WARN_ABOUT_RETURN_TYPE = YES_ERROR;
				GCC_WARN_UNDECLARED_SELECTOR = YES;
				GCC_WARN_UNINITIALIZED_AUTOS = YES_AGGRESSIVE;
				GCC_WARN_UNUSED_FUNCTION = YES;
				GCC_WARN_UNUSED_VARIABLE = YES;
				IPHONEOS_DEPLOYMENT_TARGET = 11.3;
				MTL_ENABLE_DEBUG_INFO = NO;
				SDKROOT = iphoneos;
				SWIFT_COMPILATION_MODE = wholemodule;
				SWIFT_OPTIMIZATION_LEVEL = "-O";
				VALIDATE_PRODUCT = YES;
			};
			name = Release;
		};
		AAECB29020ED191600DF754F /* Debug */ = {
			isa = XCBuildConfiguration;
			buildSettings = {
				ASSETCATALOG_COMPILER_APPICON_NAME = AppIcon;
				CODE_SIGN_STYLE = Automatic;
				DEVELOPMENT_TEAM = RC5435P63T;
				INFOPLIST_FILE = InfyAssignment/Info.plist;
				LD_RUNPATH_SEARCH_PATHS = (
					"$(inherited)",
					"@executable_path/Frameworks",
				);
				PRODUCT_BUNDLE_IDENTIFIER = com.rohit.InfyAssignment;
				PRODUCT_NAME = "$(TARGET_NAME)";
				SWIFT_VERSION = 4.0;
				TARGETED_DEVICE_FAMILY = "1,2";
			};
			name = Debug;
		};
		AAECB29120ED191600DF754F /* Release */ = {
			isa = XCBuildConfiguration;
			buildSettings = {
				ASSETCATALOG_COMPILER_APPICON_NAME = AppIcon;
				CODE_SIGN_STYLE = Automatic;
				DEVELOPMENT_TEAM = RC5435P63T;
				INFOPLIST_FILE = InfyAssignment/Info.plist;
				LD_RUNPATH_SEARCH_PATHS = (
					"$(inherited)",
					"@executable_path/Frameworks",
				);
				PRODUCT_BUNDLE_IDENTIFIER = com.rohit.InfyAssignment;
				PRODUCT_NAME = "$(TARGET_NAME)";
				SWIFT_VERSION = 4.0;
				TARGETED_DEVICE_FAMILY = "1,2";
			};
			name = Release;
		};
		AAECB29320ED191600DF754F /* Debug */ = {
			isa = XCBuildConfiguration;
			buildSettings = {
				ALWAYS_EMBED_SWIFT_STANDARD_LIBRARIES = YES;
				BUNDLE_LOADER = "$(TEST_HOST)";
				CODE_SIGN_STYLE = Automatic;
				DEVELOPMENT_TEAM = RC5435P63T;
				INFOPLIST_FILE = InfyAssignmentTests/Info.plist;
				LD_RUNPATH_SEARCH_PATHS = (
					"$(inherited)",
					"@executable_path/Frameworks",
					"@loader_path/Frameworks",
				);
				PRODUCT_BUNDLE_IDENTIFIER = com.rohit.InfyAssignmentTests;
				PRODUCT_NAME = "$(TARGET_NAME)";
				SWIFT_VERSION = 4.0;
				TARGETED_DEVICE_FAMILY = "1,2";
				TEST_HOST = "$(BUILT_PRODUCTS_DIR)/InfyAssignment.app/InfyAssignment";
			};
			name = Debug;
		};
		AAECB29420ED191600DF754F /* Release */ = {
			isa = XCBuildConfiguration;
			buildSettings = {
				ALWAYS_EMBED_SWIFT_STANDARD_LIBRARIES = YES;
				BUNDLE_LOADER = "$(TEST_HOST)";
				CODE_SIGN_STYLE = Automatic;
				DEVELOPMENT_TEAM = RC5435P63T;
				INFOPLIST_FILE = InfyAssignmentTests/Info.plist;
				LD_RUNPATH_SEARCH_PATHS = (
					"$(inherited)",
					"@executable_path/Frameworks",
					"@loader_path/Frameworks",
				);
				PRODUCT_BUNDLE_IDENTIFIER = com.rohit.InfyAssignmentTests;
				PRODUCT_NAME = "$(TARGET_NAME)";
				SWIFT_VERSION = 4.0;
				TARGETED_DEVICE_FAMILY = "1,2";
				TEST_HOST = "$(BUILT_PRODUCTS_DIR)/InfyAssignment.app/InfyAssignment";
			};
			name = Release;
		};
		AAECB29620ED191600DF754F /* Debug */ = {
			isa = XCBuildConfiguration;
			buildSettings = {
				ALWAYS_EMBED_SWIFT_STANDARD_LIBRARIES = YES;
				CODE_SIGN_STYLE = Automatic;
				DEVELOPMENT_TEAM = RC5435P63T;
				INFOPLIST_FILE = InfyAssignmentUITests/Info.plist;
				LD_RUNPATH_SEARCH_PATHS = (
					"$(inherited)",
					"@executable_path/Frameworks",
					"@loader_path/Frameworks",
				);
				PRODUCT_BUNDLE_IDENTIFIER = com.rohit.InfyAssignmentUITests;
				PRODUCT_NAME = "$(TARGET_NAME)";
				SWIFT_VERSION = 4.0;
				TARGETED_DEVICE_FAMILY = "1,2";
				TEST_TARGET_NAME = InfyAssignment;
			};
			name = Debug;
		};
		AAECB29720ED191600DF754F /* Release */ = {
			isa = XCBuildConfiguration;
			buildSettings = {
				ALWAYS_EMBED_SWIFT_STANDARD_LIBRARIES = YES;
				CODE_SIGN_STYLE = Automatic;
				DEVELOPMENT_TEAM = RC5435P63T;
				INFOPLIST_FILE = InfyAssignmentUITests/Info.plist;
				LD_RUNPATH_SEARCH_PATHS = (
					"$(inherited)",
					"@executable_path/Frameworks",
					"@loader_path/Frameworks",
				);
				PRODUCT_BUNDLE_IDENTIFIER = com.rohit.InfyAssignmentUITests;
				PRODUCT_NAME = "$(TARGET_NAME)";
				SWIFT_VERSION = 4.0;
				TARGETED_DEVICE_FAMILY = "1,2";
				TEST_TARGET_NAME = InfyAssignment;
			};
			name = Release;
		};
/* End XCBuildConfiguration section */

/* Begin XCConfigurationList section */
		AAECB25F20ED190C00DF754F /* Build configuration list for PBXProject "InfyAssignment" */ = {
			isa = XCConfigurationList;
			buildConfigurations = (
				AAECB28D20ED191600DF754F /* Debug */,
				AAECB28E20ED191600DF754F /* Release */,
			);
			defaultConfigurationIsVisible = 0;
			defaultConfigurationName = Release;
		};
		AAECB28F20ED191600DF754F /* Build configuration list for PBXNativeTarget "InfyAssignment" */ = {
			isa = XCConfigurationList;
			buildConfigurations = (
				AAECB29020ED191600DF754F /* Debug */,
				AAECB29120ED191600DF754F /* Release */,
			);
			defaultConfigurationIsVisible = 0;
			defaultConfigurationName = Release;
		};
		AAECB29220ED191600DF754F /* Build configuration list for PBXNativeTarget "InfyAssignmentTests" */ = {
			isa = XCConfigurationList;
			buildConfigurations = (
				AAECB29320ED191600DF754F /* Debug */,
				AAECB29420ED191600DF754F /* Release */,
			);
			defaultConfigurationIsVisible = 0;
			defaultConfigurationName = Release;
		};
		AAECB29520ED191600DF754F /* Build configuration list for PBXNativeTarget "InfyAssignmentUITests" */ = {
			isa = XCConfigurationList;
			buildConfigurations = (
				AAECB29620ED191600DF754F /* Debug */,
				AAECB29720ED191600DF754F /* Release */,
			);
			defaultConfigurationIsVisible = 0;
			defaultConfigurationName = Release;
		};
/* End XCConfigurationList section */

/* Begin XCVersionGroup section */
		AAECB26E20ED190C00DF754F /* InfyAssignment.xcdatamodeld */ = {
			isa = XCVersionGroup;
			children = (
				AAECB26F20ED190C00DF754F /* InfyAssignment.xcdatamodel */,
			);
			currentVersion = AAECB26F20ED190C00DF754F /* InfyAssignment.xcdatamodel */;
			path = InfyAssignment.xcdatamodeld;
			sourceTree = "<group>";
			versionGroupType = wrapper.xcdatamodel;
		};
/* End XCVersionGroup section */
	};
	rootObject = AAECB25C20ED190C00DF754F /* Project object */;
}
